
Microsoft Visual Studio Solution File, Format Version 12.00
# Visual Studio 2013
VisualStudioVersion = 12.0.30723.0
MinimumVisualStudioVersion = 10.0.40219.1
Project("{8BC9CEB8-8B4A-11D0-8D11-00A0C91BC942}") = "Robotopia", "Robotopia.vcxproj", "{76A39BB2-9B84-4C65-98A5-654D86B86F2A}"
	ProjectSection(ProjectDependencies) = postProject
		{98A51BA8-FC3A-415B-AC8F-8C7BD464E93E} = {98A51BA8-FC3A-415B-AC8F-8C7BD464E93E}
		{207BC7A9-CCF1-4F2F-A04D-45F72242AE25} = {207BC7A9-CCF1-4F2F-A04D-45F72242AE25}
		{F8EDD7FA-9A51-4E80-BAEB-860825D2EAC6} = {F8EDD7FA-9A51-4E80-BAEB-860825D2EAC6}
	EndProjectSection
EndProject
Project("{8BC9CEB8-8B4A-11D0-8D11-00A0C91BC942}") = "libcocos2d", "..\cocos2d\cocos\2d\cocos2d.vcxproj", "{98A51BA8-FC3A-415B-AC8F-8C7BD464E93E}"
EndProject
Project("{8BC9CEB8-8B4A-11D0-8D11-00A0C91BC942}") = "libchipmunk", "..\cocos2d\external\chipmunk\proj.win32\chipmunk.vcxproj", "{207BC7A9-CCF1-4F2F-A04D-45F72242AE25}"
EndProject
Project("{8BC9CEB8-8B4A-11D0-8D11-00A0C91BC942}") = "libAudio", "..\cocos2d\cocos\audio\proj.win32\CocosDenshion.vcxproj", "{F8EDD7FA-9A51-4E80-BAEB-860825D2EAC6}"
EndProject
Project("{8BC9CEB8-8B4A-11D0-8D11-00A0C91BC942}") = "MapTool", "..\MapTool\MapTool.vcxproj", "{AEF3A9FF-5602-4753-B607-26A4184C4D12}"
EndProject
Project("{2150E333-8FDC-42A3-9474-1A3956D46DE8}") = "Tool", "Tool", "{AA65A532-0340-4C8C-A79A-A95C7FF8221F}"
EndProject
Project("{2150E333-8FDC-42A3-9474-1A3956D46DE8}") = "library", "library", "{718BCC9E-65DB-49E3-9B0C-DBF7E14A7C97}"
EndProject
Project("{8BC9CEB8-8B4A-11D0-8D11-00A0C91BC942}") = "libExtensions", "..\cocos2d\extensions\proj.win32\libExtensions.vcxproj", "{21B2C324-891F-48EA-AD1A-5AE13DE12E28}"
EndProject
Project("{8BC9CEB8-8B4A-11D0-8D11-00A0C91BC942}") = "SpriteTool", "..\SpriteTool\SpriteTool.vcxproj", "{EAF264ED-3DA2-42DF-85F6-BD8E365C3D11}"
EndProject
Global
	GlobalSection(SolutionConfigurationPlatforms) = preSolution
		Debug|Win32 = Debug|Win32
		Release|Win32 = Release|Win32
	EndGlobalSection
	GlobalSection(ProjectConfigurationPlatforms) = postSolution
		{76A39BB2-9B84-4C65-98A5-654D86B86F2A}.Debug|Win32.ActiveCfg = Debug|Win32
		{76A39BB2-9B84-4C65-98A5-654D86B86F2A}.Debug|Win32.Build.0 = Debug|Win32
		{76A39BB2-9B84-4C65-98A5-654D86B86F2A}.Release|Win32.ActiveCfg = Release|Win32
		{76A39BB2-9B84-4C65-98A5-654D86B86F2A}.Release|Win32.Build.0 = Release|Win32
		{98A51BA8-FC3A-415B-AC8F-8C7BD464E93E}.Debug|Win32.ActiveCfg = Debug|Win32
		{98A51BA8-FC3A-415B-AC8F-8C7BD464E93E}.Debug|Win32.Build.0 = Debug|Win32
		{98A51BA8-FC3A-415B-AC8F-8C7BD464E93E}.Release|Win32.ActiveCfg = Release|Win32
		{98A51BA8-FC3A-415B-AC8F-8C7BD464E93E}.Release|Win32.Build.0 = Release|Win32
		{207BC7A9-CCF1-4F2F-A04D-45F72242AE25}.Debug|Win32.ActiveCfg = Debug|Win32
		{207BC7A9-CCF1-4F2F-A04D-45F72242AE25}.Debug|Win32.Build.0 = Debug|Win32
		{207BC7A9-CCF1-4F2F-A04D-45F72242AE25}.Release|Win32.ActiveCfg = Release|Win32
		{207BC7A9-CCF1-4F2F-A04D-45F72242AE25}.Release|Win32.Build.0 = Release|Win32
		{F8EDD7FA-9A51-4E80-BAEB-860825D2EAC6}.Debug|Win32.ActiveCfg = Debug|Win32
		{F8EDD7FA-9A51-4E80-BAEB-860825D2EAC6}.Debug|Win32.Build.0 = Debug|Win32
		{F8EDD7FA-9A51-4E80-BAEB-860825D2EAC6}.Release|Win32.ActiveCfg = Release|Win32
		{F8EDD7FA-9A51-4E80-BAEB-860825D2EAC6}.Release|Win32.Build.0 = Release|Win32
		{AEF3A9FF-5602-4753-B607-26A4184C4D12}.Debug|Win32.ActiveCfg = Debug|Win32
		{AEF3A9FF-5602-4753-B607-26A4184C4D12}.Debug|Win32.Build.0 = Debug|Win32
		{AEF3A9FF-5602-4753-B607-26A4184C4D12}.Release|Win32.ActiveCfg = Release|Win32
		{AEF3A9FF-5602-4753-B607-26A4184C4D12}.Release|Win32.Build.0 = Release|Win32
		{21B2C324-891F-48EA-AD1A-5AE13DE12E28}.Debug|Win32.ActiveCfg = Debug|Win32
		{21B2C324-891F-48EA-AD1A-5AE13DE12E28}.Debug|Win32.Build.0 = Debug|Win32
		{21B2C324-891F-48EA-AD1A-5AE13DE12E28}.Release|Win32.ActiveCfg = Release|Win32
		{21B2C324-891F-48EA-AD1A-5AE13DE12E28}.Release|Win32.Build.0 = Release|Win32
		{EAF264ED-3DA2-42DF-85F6-BD8E365C3D11}.Debug|Win32.ActiveCfg = Debug|Win32
		{EAF264ED-3DA2-42DF-85F6-BD8E365C3D11}.Debug|Win32.Build.0 = Debug|Win32
		{EAF264ED-3DA2-42DF-85F6-BD8E365C3D11}.Release|Win32.ActiveCfg = Release|Win32
		{EAF264ED-3DA2-42DF-85F6-BD8E365C3D11}.Release|Win32.Build.0 = Release|Win32
	EndGlobalSection
	GlobalSection(SolutionProperties) = preSolution
		HideSolutionNode = FALSE
	EndGlobalSection
	GlobalSection(NestedProjects) = preSolution
		{98A51BA8-FC3A-415B-AC8F-8C7BD464E93E} = {718BCC9E-65DB-49E3-9B0C-DBF7E14A7C97}
		{207BC7A9-CCF1-4F2F-A04D-45F72242AE25} = {718BCC9E-65DB-49E3-9B0C-DBF7E14A7C97}
		{F8EDD7FA-9A51-4E80-BAEB-860825D2EAC6} = {718BCC9E-65DB-49E3-9B0C-DBF7E14A7C97}
		{AEF3A9FF-5602-4753-B607-26A4184C4D12} = {AA65A532-0340-4C8C-A79A-A95C7FF8221F}
		{21B2C324-891F-48EA-AD1A-5AE13DE12E28} = {718BCC9E-65DB-49E3-9B0C-DBF7E14A7C97}
		{EAF264ED-3DA2-42DF-85F6-BD8E365C3D11} = {AA65A532-0340-4C8C-A79A-A95C7FF8221F}
	EndGlobalSection
EndGlobal
